
Microsoft Visual Studio Solution File, Format Version 12.00
# Visual Studio Version 17
VisualStudioVersion = 17.0.32112.339
MinimumVisualStudioVersion = 10.0.40219.1
Project("{FAE04EC0-301F-11D3-BF4B-00C04F79EFBC}") = "EnemyHPBar", "src\EnemyHPBar.csproj", "{5B328DAF-3E2F-4127-A5B8-B29A3311B78E}"
EndProject
Global
	GlobalSection(SolutionConfigurationPlatforms) = preSolution
		Debug|Any CPU = Debug|Any CPU
		Release|Any CPU = Release|Any CPU
	EndGlobalSection
	GlobalSection(ProjectConfigurationPlatforms) = postSolution
		{5B328DAF-3E2F-4127-A5B8-B29A3311B78E}.Debug|Any CPU.ActiveCfg = Debug|Any CPU
		{5B328DAF-3E2F-4127-A5B8-B29A3311B78E}.Debug|Any CPU.Build.0 = Debug|Any CPU
		{5B328DAF-3E2F-4127-A5B8-B29A3311B78E}.Release|Any CPU.ActiveCfg = Release|Any CPU
		{5B328DAF-3E2F-4127-A5B8-B29A3311B78E}.Release|Any CPU.Build.0 = Release|Any CPU
	EndGlobalSection
	GlobalSection(SolutionProperties) = preSolution
		HideSolutionNode = FALSE
	EndGlobalSection
	GlobalSection(ExtensibilityGlobals) = postSolution
		SolutionGuid = {3D200645-435E-4678-ABBE-D6EC790519F5}
	EndGlobalSection
EndGlobal
